<?xml version="1.0" encoding="UTF-8"?>
<Scheme
   LastUpgradeVersion = "0600"
   version = "1.3">
   <BuildAction
      parallelizeBuildables = "YES"
      buildImplicitDependencies = "YES">
      <BuildActionEntries>
         <BuildActionEntry
            buildForTesting = "YES"
            buildForRunning = "YES"
            buildForProfiling = "YES"
            buildForArchiving = "YES"
            buildForAnalyzing = "YES">
            <BuildableReference
               BuildableIdentifier = "primary"
               BlueprintIdentifier = "119025D519B92DA1009184BE"
               BuildableName = "SwiftRSS_Example.app"
               BlueprintName = "SwiftRSS_Example"
               ReferencedContainer = "container:SwiftRSS_Example.xcodeproj">
            </BuildableReference>
         </BuildActionEntry>
         <BuildActionEntry
            buildForTesting = "YES"
            buildForRunning = "YES"
            buildForProfiling = "NO"
            buildForArchiving = "NO"
            buildForAnalyzing = "YES">
            <BuildableReference
               BuildableIdentifier = "primary"
               BlueprintIdentifier = "119025E919B92DA1009184BE"
               BuildableName = "SwiftRSS_ExampleTests.xctest"
               BlueprintName = "SwiftRSS_ExampleTests"
               ReferencedContainer = "container:SwiftRSS_Example.xcodeproj">
            </BuildableReference>
         </BuildActionEntry>
         <BuildActionEntry
            buildForTesting = "YES"
            buildForRunning = "YES"
            buildForProfiling = "NO"
            buildForArchiving = "NO"
            buildForAnalyzing = "YES">
            <BuildableReference
               BuildableIdentifier = "primary"
               BlueprintIdentifier = "114E26BD19BA399B00D292F3"
               BuildableName = "Tests.xctest"
               BlueprintName = "Tests"
               ReferencedContainer = "container:SwiftRSS_Example.xcodeproj">
            </BuildableReference>
         </BuildActionEntry>
      </BuildActionEntries>
   </BuildAction>
   <TestAction
      selectedDebuggerIdentifier = "Xcode.DebuggerFoundation.Debugger.LLDB"
      selectedLauncherIdentifier = "Xcode.DebuggerFoundation.Launcher.LLDB"
      shouldUseLaunchSchemeArgsEnv = "YES"
      buildConfiguration = "Debug">
      <Testables>
         <TestableReference
            skipped = "NO">
            <BuildableReference
               BuildableIdentifier = "primary"
               BlueprintIdentifier = "114E26BD19BA399B00D292F3"
               BuildableName = "Tests.xctest"
               BlueprintName = "Tests"
               ReferencedContainer = "container:SwiftRSS_Example.xcodeproj">
            </BuildableReference>
            <SkippedTests>
               <Test
                  Identifier = "NSDateExtension_Tests">
               </Test>
               <Test
                  Identifier = "RSSParser_Tests/test_parser_withInvalidMock_shouldReturnParsingError()">
               </Test>
               <Test
                  Identifier = "RSSParser_Tests/test_parser_withInvalidURL_shouldReturnNetworkError()">
               </Test>
               <Test
                  Identifier = "RSSParser_Tests/test_parser_withValidMock_shouldReturnTheRightNumberOfItems()">
               </Test>
               <Test
                  Identifier = "RSSParser_Tests/test_parser_withValidMock_shouldReturnTheRightValues()">
               </Test>
               <Test
                  Identifier = "RSSParser_Tests/test_parser_withWordpressMock_shouldReturnTheRightValues()">
               </Test>
            </SkippedTests>
         </TestableReference>
      </Testables>
      <MacroExpansion>
         <BuildableReference
            BuildableIdentifier = "primary"
            BlueprintIdentifier = "119025D519B92DA1009184BE"
            BuildableName = "SwiftRSS_Example.app"
            BlueprintName = "SwiftRSS_Example"
            ReferencedContainer = "container:SwiftRSS_Example.xcodeproj">
         </BuildableReference>
      </MacroExpansion>
   </TestAction>
   <LaunchAction
      selectedDebuggerIdentifier = "Xcode.DebuggerFoundation.Debugger.LLDB"
      selectedLauncherIdentifier = "Xcode.DebuggerFoundation.Launcher.LLDB"
      launchStyle = "0"
      useCustomWorkingDirectory = "NO"
      buildConfiguration = "Debug"
      ignoresPersistentStateOnLaunch = "NO"
      debugDocumentVersioning = "YES"
      allowLocationSimulation = "YES">
      <BuildableProductRunnable>
         <BuildableReference
            BuildableIdentifier = "primary"
            BlueprintIdentifier = "119025D519B92DA1009184BE"
            BuildableName = "SwiftRSS_Example.app"
            BlueprintName = "SwiftRSS_Example"
            ReferencedContainer = "container:SwiftRSS_Example.xcodeproj">
         </BuildableReference>
      </BuildableProductRunnable>
      <AdditionalOptions>
      </AdditionalOptions>
   </LaunchAction>
   <ProfileAction
      shouldUseLaunchSchemeArgsEnv = "YES"
      savedToolIdentifier = ""
      useCustomWorkingDirectory = "NO"
      buildConfiguration = "Release"
      debugDocumentVersioning = "YES">
      <BuildableProductRunnable>
         <BuildableReference
            BuildableIdentifier = "primary"
            BlueprintIdentifier = "119025D519B92DA1009184BE"
            BuildableName = "SwiftRSS_Example.app"
            BlueprintName = "SwiftRSS_Example"
            ReferencedContainer = "container:SwiftRSS_Example.xcodeproj">
         </BuildableReference>
      </BuildableProductRunnable>
   </ProfileAction>
   <AnalyzeAction
      buildConfiguration = "Debug">
   </AnalyzeAction>
   <ArchiveAction
      buildConfiguration = "Release"
      revealArchiveInOrganizer = "YES">
   </ArchiveAction>
</Scheme>
